// !$*UTF8*$!
{
	archiveVersion = 1;
	classes = {
	};
	objectVersion = 46;
	objects = {

/* Begin PBXBuildFile section */
		2936DBB41942F54600C19DFA /* AppDelegate.swift in Sources */ = {isa = PBXBuildFile; fileRef = 2936DBB31942F54600C19DFA /* AppDelegate.swift */; };
		2936DBB61942F54600C19DFA /* Images.xcassets in Resources */ = {isa = PBXBuildFile; fileRef = 2936DBB51942F54600C19DFA /* Images.xcassets */; };
		2936DBC21942F54600C19DFA /* ToDoListTests.swift in Sources */ = {isa = PBXBuildFile; fileRef = 2936DBC11942F54600C19DFA /* ToDoListTests.swift */; };
/* End PBXBuildFile section */

/* Begin PBXContainerItemProxy section */
		2936DBBC1942F54600C19DFA /* PBXContainerItemProxy */ = {
			isa = PBXContainerItemProxy;
			containerPortal = 2936DBA61942F54500C19DFA /* Project object */;
			proxyType = 1;
			remoteGlobalIDString = 2936DBAD1942F54600C19DFA;
			remoteInfo = ToDoList;
		};
/* End PBXContainerItemProxy section */

/* Begin PBXFileReference section */
		2936DBAE1942F54600C19DFA /* ToDoList.app */ = {isa = PBXFileReference; explicitFileType = wrapper.application; includeInIndex = 0; path = ToDoList.app; sourceTree = BUILT_PRODUCTS_DIR; };
		2936DBB21942F54600C19DFA /* Info.plist */ = {isa = PBXFileReference; lastKnownFileType = text.plist.xml; path = Info.plist; sourceTree = "<group>"; };
		2936DBB31942F54600C19DFA /* AppDelegate.swift */ = {isa = PBXFileReference; lastKnownFileType = sourcecode.swift; path = AppDelegate.swift; sourceTree = "<group>"; };
		2936DBB51942F54600C19DFA /* Images.xcassets */ = {isa = PBXFileReference; lastKnownFileType = folder.assetcatalog; path = Images.xcassets; sourceTree = "<group>"; };
		2936DBBB1942F54600C19DFA /* ToDoListTests.xctest */ = {isa = PBXFileReference; explicitFileType = wrapper.cfbundle; includeInIndex = 0; path = ToDoListTests.xctest; sourceTree = BUILT_PRODUCTS_DIR; };
		2936DBC01942F54600C19DFA /* Info.plist */ = {isa = PBXFileReference; lastKnownFileType = text.plist.xml; path = Info.plist; sourceTree = "<group>"; };
		2936DBC11942F54600C19DFA /* ToDoListTests.swift */ = {isa = PBXFileReference; lastKnownFileType = sourcecode.swift; path = ToDoListTests.swift; sourceTree = "<group>"; };
/* End PBXFileReference section */

/* Begin PBXFrameworksBuildPhase section */
		2936DBAB1942F54600C19DFA /* Frameworks */ = {
			isa = PBXFrameworksBuildPhase;
			buildActionMask = 2147483647;
			files = (
			);
			runOnlyForDeploymentPostprocessing = 0;
		};
		2936DBB81942F54600C19DFA /* Frameworks */ = {
			isa = PBXFrameworksBuildPhase;
			buildActionMask = 2147483647;
			files = (
			);
			runOnlyForDeploymentPostprocessing = 0;
		};
/* End PBXFrameworksBuildPhase section */

/* Begin PBXGroup section */
		2936DBA51942F54500C19DFA = {
			isa = PBXGroup;
			children = (
				2936DBB01942F54600C19DFA /* ToDoList */,
				2936DBBE1942F54600C19DFA /* ToDoListTests */,
				2936DBAF1942F54600C19DFA /* Products */,
			);
			sourceTree = "<group>";
		};
		2936DBAF1942F54600C19DFA /* Products */ = {
			isa = PBXGroup;
			children = (
				2936DBAE1942F54600C19DFA /* ToDoList.app */,
				2936DBBB1942F54600C19DFA /* ToDoListTests.xctest */,
			);
			name = Products;
			sourceTree = "<group>";
		};
		2936DBB01942F54600C19DFA /* ToDoList */ = {
			isa = PBXGroup;
			children = (
				2936DBB31942F54600C19DFA /* AppDelegate.swift */,
				2936DBB51942F54600C19DFA /* Images.xcassets */,
				2936DBB11942F54600C19DFA /* Supporting Files */,
			);
			path = ToDoList;
			sourceTree = "<group>";
		};
		2936DBB11942F54600C19DFA /* Supporting Files */ = {
			isa = PBXGroup;
			children = (
				2936DBB21942F54600C19DFA /* Info.plist */,
			);
			name = "Supporting Files";
			sourceTree = "<group>";
		};
		2936DBBE1942F54600C19DFA /* ToDoListTests */ = {
			isa = PBXGroup;
			children = (
				2936DBC11942F54600C19DFA /* ToDoListTests.swift */,
				2936DBBF1942F54600C19DFA /* Supporting Files */,
			);
			path = ToDoListTests;
			sourceTree = "<group>";
		};
		2936DBBF1942F54600C19DFA /* Supporting Files */ = {
			isa = PBXGroup;
			children = (
				2936DBC01942F54600C19DFA /* Info.plist */,
			);
			name = "Supporting Files";
			sourceTree = "<group>";
		};
/* End PBXGroup section */

/* Begin PBXNativeTarget section */
		2936DBAD1942F54600C19DFA /* ToDoList */ = {
			isa = PBXNativeTarget;
			buildConfigurationList = 2936DBC51942F54600C19DFA /* Build configuration list for PBXNativeTarget "ToDoList" */;
			buildPhases = (
				2936DBAA1942F54600C19DFA /* Sources */,
				2936DBAB1942F54600C19DFA /* Frameworks */,
				2936DBAC1942F54600C19DFA /* Resources */,
			);
			buildRules = (
			);
			dependencies = (
			);
			name = ToDoList;
			productName = ToDoList;
			productReference = 2936DBAE1942F54600C19DFA /* ToDoList.app */;
			productType = "com.apple.product-type.application";
		};
		2936DBBA1942F54600C19DFA /* ToDoListTests */ = {
			isa = PBXNativeTarget;
			buildConfigurationList = 2936DBC81942F54600C19DFA /* Build configuration list for PBXNativeTarget "ToDoListTests" */;
			buildPhases = (
				2936DBB71942F54600C19DFA /* Sources */,
				2936DBB81942F54600C19DFA /* Frameworks */,
				2936DBB91942F54600C19DFA /* Resources */,
			);
			buildRules = (
			);
			dependencies = (
				2936DBBD1942F54600C19DFA /* PBXTargetDependency */,
			);
			name = ToDoListTests;
			productName = ToDoListTests;
			productReference = 2936DBBB1942F54600C19DFA /* ToDoListTests.xctest */;
			productType = "com.apple.product-type.bundle.unit-test";
		};
/* End PBXNativeTarget section */

/* Begin PBXProject section */
		2936DBA61942F54500C19DFA /* Project object */ = {
			isa = PBXProject;
			attributes = {
				LastUpgradeCheck = 0600;
				ORGANIZATIONNAME = springsoftware;
				TargetAttributes = {
					2936DBAD1942F54600C19DFA = {
						CreatedOnToolsVersion = 6.0;
					};
					2936DBBA1942F54600C19DFA = {
						CreatedOnToolsVersion = 6.0;
						TestTargetID = 2936DBAD1942F54600C19DFA;
					};
				};
			};
			buildConfigurationList = 2936DBA91942F54600C19DFA /* Build configuration list for PBXProject "ToDoList" */;
			compatibilityVersion = "Xcode 3.2";
			developmentRegion = English;
			hasScannedForEncodings = 0;
			knownRegions = (
				en,
			);
			mainGroup = 2936DBA51942F54500C19DFA;
			productRefGroup = 2936DBAF1942F54600C19DFA /* Products */;
			projectDirPath = "";
			projectRoot = "";
			targets = (
				2936DBAD1942F54600C19DFA /* ToDoList */,
				2936DBBA1942F54600C19DFA /* ToDoListTests */,
			);
		};
/* End PBXProject section */

/* Begin PBXResourcesBuildPhase section */
		2936DBAC1942F54600C19DFA /* Resources */ = {
			isa = PBXResourcesBuildPhase;
			buildActionMask = 2147483647;
			files = (
				2936DBB61942F54600C19DFA /* Images.xcassets in Resources */,
			);
			runOnlyForDeploymentPostprocessing = 0;
		};
		2936DBB91942F54600C19DFA /* Resources */ = {
			isa = PBXResourcesBuildPhase;
			buildActionMask = 2147483647;
			files = (
			);
			runOnlyForDeploymentPostprocessing = 0;
		};
/* End PBXResourcesBuildPhase section */

/* Begin PBXSourcesBuildPhase section */
		2936DBAA1942F54600C19DFA /* Sources */ = {
			isa = PBXSourcesBuildPhase;
			buildActionMask = 2147483647;
			files = (
				2936DBB41942F54600C19DFA /* AppDelegate.swift in Sources */,
			);
			runOnlyForDeploymentPostprocessing = 0;
		};
		2936DBB71942F54600C19DFA /* Sources */ = {
			isa = PBXSourcesBuildPhase;
			buildActionMask = 2147483647;
			files = (
				2936DBC21942F54600C19DFA /* ToDoListTests.swift in Sources */,
			);
			runOnlyForDeploymentPostprocessing = 0;
		};
/* End PBXSourcesBuildPhase section */

/* Begin PBXTargetDependency section */
		2936DBBD1942F54600C19DFA /* PBXTargetDependency */ = {
			isa = PBXTargetDependency;
			target = 2936DBAD1942F54600C19DFA /* ToDoList */;
			targetProxy = 2936DBBC1942F54600C19DFA /* PBXContainerItemProxy */;
		};
/* End PBXTargetDependency section */

/* Begin XCBuildConfiguration section */
		2936DBC31942F54600C19DFA /* Debug */ = {
			isa = XCBuildConfiguration;
			buildSettings = {
				ALWAYS_SEARCH_USER_PATHS = NO;
				CLANG_CXX_LANGUAGE_STANDARD = "gnu++0x";
				CLANG_CXX_LIBRARY = "libc++";
				CLANG_ENABLE_MODULES = YES;
				CLANG_ENABLE_OBJC_ARC = YES;
				CLANG_WARN_BOOL_CONVERSION = YES;
				CLANG_WARN_CONSTANT_CONVERSION = YES;
				CLANG_WARN_DIRECT_OBJC_ISA_USAGE = YES_ERROR;
				CLANG_WARN_EMPTY_BODY = YES;
				CLANG_WARN_ENUM_CONVERSION = YES;
				CLANG_WARN_INT_CONVERSION = YES;
				CLANG_WARN_OBJC_ROOT_CLASS = YES_ERROR;
				CLANG_WARN_UNREACHABLE_CODE = YES;
				CLANG_WARN__DUPLICATE_METHOD_MATCH = YES;
				"CODE_SIGN_IDENTITY[sdk=iphoneos*]" = "iPhone Developer";
				COPY_PHASE_STRIP = NO;
				ENABLE_STRICT_OBJC_MSGSEND = YES;
				GCC_C_LANGUAGE_STANDARD = gnu99;
				GCC_DYNAMIC_NO_PIC = NO;
				GCC_OPTIMIZATION_LEVEL = 0;
				GCC_PREPROCESSOR_DEFINITIONS = (
					"DEBUG=1",
					"$(inherited)",
				);
				GCC_SYMBOLS_PRIVATE_EXTERN = NO;
				GCC_WARN_64_TO_32_BIT_CONVERSION = YES;
				GCC_WARN_ABOUT_RETURN_TYPE = YES_ERROR;
				GCC_WARN_UNDECLARED_SELECTOR = YES;
				GCC_WARN_UNINITIALIZED_AUTOS = YES_AGGRESSIVE;
				GCC_WARN_UNUSED_FUNCTION = YES;
				GCC_WARN_UNUSED_VARIABLE = YES;
				IPHONEOS_DEPLOYMENT_TARGET = 8.0;
				METAL_ENABLE_DEBUG_INFO = YES;
				ONLY_ACTIVE_ARCH = YES;
				SDKROOT = iphoneos;
				SWIFT_OPTIMIZATION_LEVEL = "-Onone";
				TARGETED_DEVICE_FAMILY = "1,2";
			};
			name = Debug;
		};
		2936DBC41942F54600C19DFA /* Release */ = {
			isa = XCBuildConfiguration;
			buildSettings = {
				ALWAYS_SEARCH_USER_PATHS = NO;
				CLANG_CXX_LANGUAGE_STANDARD = "gnu++0x";
				CLANG_CXX_LIBRARY = "libc++";
				CLANG_ENABLE_MODULES = YES;
				CLANG_ENABLE_OBJC_ARC = YES;
				CLANG_WARN_BOOL_CONVERSION = YES;
				CLANG_WARN_CONSTANT_CONVERSION = YES;
				CLANG_WARN_DIRECT_OBJC_ISA_USAGE = YES_ERROR;
				CLANG_WARN_EMPTY_BODY = YES;
				CLANG_WARN_ENUM_CONVERSION = YES;
				CLANG_WARN_INT_CONVERSION = YES;
				CLANG_WARN_OBJC_ROOT_CLASS = YES_ERROR;
				CLANG_WARN_UNREACHABLE_CODE = YES;
				CLANG_WARN__DUPLICATE_METHOD_MATCH = YES;
				"CODE_SIGN_IDENTITY[sdk=iphoneos*]" = "iPhone Developer";
				COPY_PHASE_STRIP = YES;
				ENABLE_NS_ASSERTIONS = NO;
				ENABLE_STRICT_OBJC_MSGSEND = YES;
				GCC_C_LANGUAGE_STANDARD = gnu99;
				GCC_WARN_64_TO_32_BIT_CONVERSION = YES;
				GCC_WARN_ABOUT_RETURN_TYPE = YES_ERROR;
				GCC_WARN_UNDECLARED_SELECTOR = YES;
				GCC_WARN_UNINITIALIZED_AUTOS = YES_AGGRESSIVE;
				GCC_WARN_UNUSED_FUNCTION = YES;
				GCC_WARN_UNUSED_VARIABLE = YES;
				IPHONEOS_DEPLOYMENT_TARGET = 8.0;
				METAL_ENABLE_DEBUG_INFO = NO;
				SDKROOT = iphoneos;
				TARGETED_DEVICE_FAMILY = "1,2";
				VALIDATE_PRODUCT = YES;
			};
			name = Release;
		};
		2936DBC61942F54600C19DFA /* Debug */ = {
			isa = XCBuildConfiguration;
			buildSettings = {
				ASSETCATALOG_COMPILER_APPICON_NAME = AppIcon;
				ASSETCATALOG_COMPILER_LAUNCHIMAGE_NAME = LaunchImage;
				INFOPLIST_FILE = ToDoList/Info.plist;
				LD_RUNPATH_SEARCH_PATHS = "$(inherited) @executable_path/Frameworks";
				PRODUCT_NAME = "$(TARGET_NAME)";
			};
			name = Debug;
		};
		2936DBC71942F54600C19DFA /* Release */ = {
			isa = XCBuildConfiguration;
			buildSettings = {
				ASSETCATALOG_COMPILER_APPICON_NAME = AppIcon;
				ASSETCATALOG_COMPILER_LAUNCHIMAGE_NAME = LaunchImage;
				INFOPLIST_FILE = ToDoList/Info.plist;
				LD_RUNPATH_SEARCH_PATHS = "$(inherited) @executable_path/Frameworks";
				PRODUCT_NAME = "$(TARGET_NAME)";
			};
			name = Release;
		};
		2936DBC91942F54600C19DFA /* Debug */ = {
			isa = XCBuildConfiguration;
			buildSettings = {
				BUNDLE_LOADER = "$(BUILT_PRODUCTS_DIR)/ToDoList.app/ToDoList";
				FRAMEWORK_SEARCH_PATHS = (
					"$(SDKROOT)/Developer/Library/Frameworks",
					"$(inherited)",
				);
				GCC_PREPROCESSOR_DEFINITIONS = (
					"DEBUG=1",
					"$(inherited)",
				);
				INFOPLIST_FILE = ToDoListTests/Info.plist;
				LD_RUNPATH_SEARCH_PATHS = "$(inherited) @executable_path/Frameworks @loader_path/Frameworks";
				METAL_ENABLE_DEBUG_INFO = YES;
				PRODUCT_NAME = "$(TARGET_NAME)";
				TEST_HOST = "$(BUNDLE_LOADER)";
			};
			name = Debug;
		};
		2936DBCA1942F54600C19DFA /* Release */ = {
			isa = XCBuildConfiguration;
			buildSettings = {
				BUNDLE_LOADER = "$(BUILT_PRODUCTS_DIR)/ToDoList.app/ToDoList";
				FRAMEWORK_SEARCH_PATHS = (
					"$(SDKROOT)/Developer/Library/Frameworks",
					"$(inherited)",
				);
				INFOPLIST_FILE = ToDoListTests/Info.plist;
				LD_RUNPATH_SEARCH_PATHS = "$(inherited) @executable_path/Frameworks @loader_path/Frameworks";
				METAL_ENABLE_DEBUG_INFO = NO;
				PRODUCT_NAME = "$(TARGET_NAME)";
				TEST_HOST = "$(BUNDLE_LOADER)";
			};
			name = Release;
		};
/* End XCBuildConfiguration section */

/* Begin XCConfigurationList section */
		2936DBA91942F54600C19DFA /* Build configuration list for PBXProject "ToDoList" */ = {
			isa = XCConfigurationList;
			buildConfigurations = (
				2936DBC31942F54600C19DFA /* Debug */,
				2936DBC41942F54600C19DFA /* Release */,
			);
			defaultConfigurationIsVisible = 0;
			defaultConfigurationName = Release;
		};
		2936DBC51942F54600C19DFA /* Build configuration list for PBXNativeTarget "ToDoList" */ = {
			isa = XCConfigurationList;
			buildConfigurations = (
				2936DBC61942F54600C19DFA /* Debug */,
				2936DBC71942F54600C19DFA /* Release */,
			);
			defaultConfigurationIsVisible = 0;
		};
		2936DBC81942F54600C19DFA /* Build configuration list for PBXNativeTarget "ToDoListTests" */ = {
			isa = XCConfigurationList;
			buildConfigurations = (
				2936DBC91942F54600C19DFA /* Debug */,
				2936DBCA1942F54600C19DFA /* Release */,
			);
			defaultConfigurationIsVisible = 0;
		};
/* End XCConfigurationList section */
	};
	rootObject = 2936DBA61942F54500C19DFA /* Project object */;
}
